# This file is automatically @generated by Cargo.
# It is not intended for manual editing.
[[package]]
name = "day_2"
version = "0.1.0"
dependencies = [
 "fallible-iterator 0.2.0 (registry+https://github.com/rust-lang/crates.io-index)",
]

[[package]]
name = "fallible-iterator"
version = "0.2.0"
source = "registry+https://github.com/rust-lang/crates.io-index"

[metadata]
"checksum fallible-iterator 0.2.0 (registry+https://github.com/rust-lang/crates.io-index)" = "4443176a9f2c162692bd3d352d745ef9413eec5782a80d8fd6f8a1ac692a07f7"
